
Microsoft Visual Studio Solution File, Format Version 12.00
# Visual Studio 2012
Project("{FAE04EC0-301F-11D3-BF4B-00C04F79EFBC}") = "VTC", "VTC\VTC.csproj", "{7FB3A786-F973-4727-8EAE-3AD51C047C45}"
EndProject
Project("{FAE04EC0-301F-11D3-BF4B-00C04F79EFBC}") = "Vasm", "Vasm\Vasm.csproj", "{BF4E6A24-9204-4B24-A271-36C4D8EF8096}"
EndProject
Project("{FAE04EC0-301F-11D3-BF4B-00C04F79EFBC}") = "VTL", "VTL\VTL.csproj", "{CA895475-1D42-4686-8E19-3A0FC05C08E2}"
EndProject
Project("{FAE04EC0-301F-11D3-BF4B-00C04F79EFBC}") = "cpy", "cpy\cpy.csproj", "{F5BFBCE3-C06E-49B5-A288-827D49BF8C63}"
EndProject
Global
	GlobalSection(SolutionConfigurationPlatforms) = preSolution
		Debug|Any CPU = Debug|Any CPU
		Debug|x86 = Debug|x86
		Release|Any CPU = Release|Any CPU
		Release|x86 = Release|x86
	EndGlobalSection
	GlobalSection(ProjectConfigurationPlatforms) = postSolution
		{7FB3A786-F973-4727-8EAE-3AD51C047C45}.Debug|Any CPU.ActiveCfg = Debug|Any CPU
		{7FB3A786-F973-4727-8EAE-3AD51C047C45}.Debug|Any CPU.Build.0 = Debug|Any CPU
		{7FB3A786-F973-4727-8EAE-3AD51C047C45}.Debug|x86.ActiveCfg = Debug|Any CPU
		{7FB3A786-F973-4727-8EAE-3AD51C047C45}.Release|Any CPU.ActiveCfg = Release|Any CPU
		{7FB3A786-F973-4727-8EAE-3AD51C047C45}.Release|Any CPU.Build.0 = Release|Any CPU
		{7FB3A786-F973-4727-8EAE-3AD51C047C45}.Release|x86.ActiveCfg = Release|Any CPU
		{BF4E6A24-9204-4B24-A271-36C4D8EF8096}.Debug|Any CPU.ActiveCfg = Debug|Any CPU
		{BF4E6A24-9204-4B24-A271-36C4D8EF8096}.Debug|Any CPU.Build.0 = Debug|Any CPU
		{BF4E6A24-9204-4B24-A271-36C4D8EF8096}.Debug|x86.ActiveCfg = Debug|Any CPU
		{BF4E6A24-9204-4B24-A271-36C4D8EF8096}.Release|Any CPU.ActiveCfg = Release|Any CPU
		{BF4E6A24-9204-4B24-A271-36C4D8EF8096}.Release|Any CPU.Build.0 = Release|Any CPU
		{BF4E6A24-9204-4B24-A271-36C4D8EF8096}.Release|x86.ActiveCfg = Release|Any CPU
		{CA895475-1D42-4686-8E19-3A0FC05C08E2}.Debug|Any CPU.ActiveCfg = Debug|Any CPU
		{CA895475-1D42-4686-8E19-3A0FC05C08E2}.Debug|Any CPU.Build.0 = Debug|Any CPU
		{CA895475-1D42-4686-8E19-3A0FC05C08E2}.Debug|x86.ActiveCfg = Debug|Any CPU
		{CA895475-1D42-4686-8E19-3A0FC05C08E2}.Release|Any CPU.ActiveCfg = Release|Any CPU
		{CA895475-1D42-4686-8E19-3A0FC05C08E2}.Release|Any CPU.Build.0 = Release|Any CPU
		{CA895475-1D42-4686-8E19-3A0FC05C08E2}.Release|x86.ActiveCfg = Release|Any CPU
		{F5BFBCE3-C06E-49B5-A288-827D49BF8C63}.Debug|Any CPU.ActiveCfg = Debug|Any CPU
		{F5BFBCE3-C06E-49B5-A288-827D49BF8C63}.Debug|Any CPU.Build.0 = Debug|Any CPU
		{F5BFBCE3-C06E-49B5-A288-827D49BF8C63}.Debug|x86.ActiveCfg = Debug|Any CPU
		{F5BFBCE3-C06E-49B5-A288-827D49BF8C63}.Release|Any CPU.ActiveCfg = Release|Any CPU
		{F5BFBCE3-C06E-49B5-A288-827D49BF8C63}.Release|Any CPU.Build.0 = Release|Any CPU
		{F5BFBCE3-C06E-49B5-A288-827D49BF8C63}.Release|x86.ActiveCfg = Release|Any CPU
	EndGlobalSection
	GlobalSection(SolutionProperties) = preSolution
		HideSolutionNode = FALSE
	EndGlobalSection
EndGlobal
